lockfileVersion: 5.4

specifiers:
  '@types/events': ^3.0.0
  '@zip.js/zip.js': ^2.5.17
  events: ^3.3.0
  sax: ^1.2.4
  stream: ^0.0.2
  xml-js: ^1.6.11

dependencies:
  '@zip.js/zip.js': 2.5.17
  events: 3.3.0
  sax: 1.2.4
  stream: 0.0.2
  xml-js: 1.6.11

devDependencies:
  '@types/events': 3.0.0

packages:

  /@types/events/3.0.0:
    resolution: {integrity: sha512-EaObqwIvayI5a8dCzhFrjKzVwKLxjoG9T6Ppd5CEo07LRKfQ8Yokw54r5+Wq7FaBQ+yXRvQAYPrHwya1/UFt9g==}
    dev: true

  /@zip.js/zip.js/2.5.17:
    resolution: {integrity: sha512-kLraapvdDAySrxiryjKKttxCg8Hd1oE6KS9eHSAYjSmMO05TROYVukRBeXYLJTqXFzPOA9WhUfil3A1KdPzkhw==}
    dev: false

  /emitter-component/1.1.1:
    resolution: {integrity: sha512-G+mpdiAySMuB7kesVRLuyvYRqDmshB7ReKEVuyBPkzQlmiDiLrt7hHHIy4Aff552bgknVN7B2/d3lzhGO5dvpQ==}
    dev: false

  /events/3.3.0:
    resolution: {integrity: sha512-mQw+2fkQbALzQ7V0MY0IqdnXNOeTtP4r0lN9z7AAawCXgqea7bDii20AYrIBrFd/Hx0M2Ocz6S111CaFkUcb0Q==}
    engines: {node: '>=0.8.x'}
    dev: false

  /sax/1.2.4:
    resolution: {integrity: sha512-NqVDv9TpANUjFm0N8uM5GxL36UgKi9/atZw+x7YFnQ8ckwFGKrl4xX4yWtrey3UJm5nP1kUbnYgLopqWNSRhWw==}
    dev: false

  /stream/0.0.2:
    resolution: {integrity: sha512-gCq3NDI2P35B2n6t76YJuOp7d6cN/C7Rt0577l91wllh0sY9ZBuw9KaSGqH/b0hzn3CWWJbpbW0W0WvQ1H/Q7g==}
    dependencies:
      emitter-component: 1.1.1
    dev: false

  /xml-js/1.6.11:
    resolution: {integrity: sha512-7rVi2KMfwfWFl+GpPg6m80IVMWXLRjO+PxTq7V2CDhoGak0wzYzFgUY2m4XJ47OGdXd8eLE8EmwfAmdjw7lC1g==}
    hasBin: true
    dependencies:
      sax: 1.2.4
    dev: false
